{
  "originHash" : "42d81e88dc52b02ace8bbd374bf37058f829429f087a36264130dc09be4d54b2",
  "pins" : [
    {
      "identity" : "kingfisher",
      "kind" : "remoteSourceControl",
      "location" : "https://github.com/onevcat/Kingfisher.git",
      "state" : {
        "revision" : "5b92f029fab2cce44386d28588098b5be0824ef5",
        "version" : "7.11.0"
      }
    },
    {
      "identity" : "promisekit",
      "kind" : "remoteSourceControl",
      "location" : "https://github.com/mxcl/PromiseKit.git",
      "state" : {
        "revision" : "cb70b070cde06837cd10a1febdf6105c1a3bb348",
        "version" : "8.1.1"
      }
    }
  ],
  "version" : 3
}
